<?xml version="1.0" encoding="UTF-8"?>
<!DOCTYPE plist PUBLIC "-//Apple//DTD PLIST 1.0//EN" "http://www.apple.com/DTDs/PropertyList-1.0.dtd">
<plist version="1.0">
<dict>
	<key>archiveVersion</key>
	<string>1</string>
	<key>classes</key>
	<dict/>
	<key>objectVersion</key>
	<string>56</string>
	<key>objects</key>
	<dict>
		<key>A20000000000000000000001</key>
		<dict>
			<key>fileRef</key>
			<string>A20000000000000000000002</string>
			<key>isa</key>
			<string>PBXBuildFile</string>
		</dict>
		<key>A20000000000000000000002</key>
		<dict>
			<key>isa</key>
			<string>PBXFileReference</string>
			<key>lastKnownFileType</key>
			<string>sourcecode.c.objc</string>
			<key>path</key>
			<string>main.m</string>
			<key>sourceTree</key>
			<string>&lt;group&gt;</string>
		</dict>
		<key>A20000000000000000000003</key>
		<dict>
			<key>explicitFileType</key>
			<string>wrapper.application</string>
			<key>includeInIndex</key>
			<string>0</string>
			<key>isa</key>
			<string>PBXFileReference</string>
			<key>path</key>
			<string>CompilePrototype.app</string>
			<key>sourceTree</key>
			<string>BUILT_PRODUCTS_DIR</string>
		</dict>
		<key>A20000000000000000000005</key>
		<dict>
			<key>children</key>
			<array>
				<string>A20000000000000000000006</string>
				<string>A20000000000000000000007</string>
				<string>C00000000000000000000001</string>
			</array>
			<key>isa</key>
			<string>PBXGroup</string>
			<key>sourceTree</key>
			<string>&lt;group&gt;</string>
		</dict>
		<key>A20000000000000000000006</key>
		<dict>
			<key>children</key>
			<array>
				<string>A20000000000000000000002</string>
			</array>
			<key>isa</key>
			<string>PBXGroup</string>
			<key>path</key>
			<string>CompilePrototype</string>
			<key>sourceTree</key>
			<string>&lt;group&gt;</string>
		</dict>
		<key>A20000000000000000000007</key>
		<dict>
			<key>children</key>
			<array>
				<string>A20000000000000000000003</string>
				<string>C00000000000000000000004</string>
			</array>
			<key>isa</key>
			<string>PBXGroup</string>
			<key>name</key>
			<string>Products</string>
			<key>sourceTree</key>
			<string>&lt;group&gt;</string>
		</dict>
		<key>A20000000000000000000010</key>
		<dict>
			<key>buildConfigurationList</key>
			<string>A20000000000000000000011</string>
			<key>buildPhases</key>
			<array>
				<string>A20000000000000000000012</string>
			</array>
			<key>buildRules</key>
			<array/>
			<key>dependencies</key>
			<array/>
			<key>isa</key>
			<string>PBXNativeTarget</string>
			<key>name</key>
			<string>CompilePrototype</string>
			<key>productName</key>
			<string>CompilePrototype</string>
			<key>productReference</key>
			<string>A20000000000000000000003</string>
			<key>productType</key>
			<string>com.apple.product-type.application</string>
		</dict>
		<key>A20000000000000000000011</key>
		<dict>
			<key>buildConfigurations</key>
			<array>
				<string>A20000000000000000000021</string>
				<string>A20000000000000000000023</string>
			</array>
			<key>defaultConfigurationIsVisible</key>
			<string>0</string>
			<key>defaultConfigurationName</key>
			<string>Debug</string>
			<key>isa</key>
			<string>XCConfigurationList</string>
		</dict>
		<key>A20000000000000000000012</key>
		<dict>
			<key>buildActionMask</key>
			<string>2147483647</string>
			<key>files</key>
			<array>
				<string>A20000000000000000000001</string>
			</array>
			<key>isa</key>
			<string>PBXSourcesBuildPhase</string>
			<key>runOnlyForDeploymentPostprocessing</key>
			<string>0</string>
		</dict>
		<key>A20000000000000000000014</key>
		<dict>
			<key>attributes</key>
			<dict/>
			<key>buildConfigurationList</key>
			<string>A20000000000000000000015</string>
			<key>compatibilityVersion</key>
			<string>Xcode 14.0</string>
			<key>developmentRegion</key>
			<string>en</string>
			<key>hasScannedForEncodings</key>
			<string>0</string>
			<key>isa</key>
			<string>PBXProject</string>
			<key>knownRegions</key>
			<array>
				<string>en</string>
				<string>Base</string>
			</array>
			<key>mainGroup</key>
			<string>A20000000000000000000005</string>
			<key>productRefGroup</key>
			<string>A20000000000000000000007</string>
			<key>projectDirPath</key>
			<string></string>
			<key>projectRoot</key>
			<string></string>
			<key>targets</key>
			<array>
				<string>A20000000000000000000010</string>
				<string>C00000000000000000000008</string>
			</array>
		</dict>
		<key>A20000000000000000000015</key>
		<dict>
			<key>buildConfigurations</key>
			<array>
				<string>A20000000000000000000020</string>
				<string>A20000000000000000000022</string>
			</array>
			<key>defaultConfigurationIsVisible</key>
			<string>0</string>
			<key>defaultConfigurationName</key>
			<string>Debug</string>
			<key>isa</key>
			<string>XCConfigurationList</string>
		</dict>
		<key>A20000000000000000000020</key>
		<dict>
			<key>buildSettings</key>
			<dict>
				<key>CLANG_ENABLE_MODULES</key>
				<string>YES</string>
				<key>GCC_OPTIMIZATION_LEVEL</key>
				<string>0</string>
				<key>SDKROOT</key>
				<string>iphoneos</string>
				<key>SYMROOT</key>
				<string>$(SRCROOT)/build</string>
			</dict>
			<key>isa</key>
			<string>XCBuildConfiguration</string>
			<key>name</key>
			<string>Debug</string>
		</dict>
		<key>A20000000000000000000021</key>
		<dict>
			<key>buildSettings</key>
			<dict>
				<key>CODE_SIGNING_ALLOWED</key>
				<string>NO</string>
				<key>GENERATE_INFOPLIST_FILE</key>
				<string>YES</string>
				<key>IPHONEOS_DEPLOYMENT_TARGET</key>
				<string>16.0</string>
				<key>PRODUCT_BUNDLE_IDENTIFIER</key>
				<string>dev.prototype.compile</string>
				<key>PRODUCT_NAME</key>
				<string>$(TARGET_NAME)</string>
				<key>SYMROOT</key>
				<string>$(SRCROOT)/build</string>
			</dict>
			<key>isa</key>
			<string>XCBuildConfiguration</string>
			<key>name</key>
			<string>Debug</string>
		</dict>
		<key>A20000000000000000000022</key>
		<dict>
			<key>buildSettings</key>
			<dict>
				<key>CLANG_ENABLE_MODULES</key>
				<string>YES</string>
				<key>SDKROOT</key>
				<string>iphoneos</string>
				<key>SYMROOT</key>
				<string>$(SRCROOT)/build</string>
			</dict>
			<key>isa</key>
			<string>XCBuildConfiguration</string>
			<key>name</key>
			<string>Release</string>
		</dict>
		<key>A20000000000000000000023</key>
		<dict>
			<key>buildSettings</key>
			<dict>
				<key>CODE_SIGNING_ALLOWED</key>
				<string>NO</string>
				<key>GENERATE_INFOPLIST_FILE</key>
				<string>YES</string>
				<key>IPHONEOS_DEPLOYMENT_TARGET</key>
				<string>16.0</string>
				<key>PRODUCT_BUNDLE_IDENTIFIER</key>
				<string>dev.prototype.compile</string>
				<key>PRODUCT_NAME</key>
				<string>$(TARGET_NAME)</string>
				<key>SYMROOT</key>
				<string>$(SRCROOT)/build</string>
			</dict>
			<key>isa</key>
			<string>XCBuildConfiguration</string>
			<key>name</key>
			<string>Release</string>
		</dict>
		<key>C00000000000000000000001</key>
		<dict>
			<key>isa</key>
			<string>PBXFileReference</string>
			<key>lastKnownFileType</key>
			<string>sourcecode.swift</string>
			<key>path</key>
			<string>Watch.swift</string>
			<key>sourceTree</key>
			<string>SOURCE_ROOT</string>
		</dict>
		<key>C00000000000000000000002</key>
		<dict>
			<key>fileRef</key>
			<string>C00000000000000000000001</string>
			<key>isa</key>
			<string>PBXBuildFile</string>
		</dict>
		<key>C00000000000000000000003</key>
		<dict>
			<key>buildActionMask</key>
			<string>2147483647</string>
			<key>files</key>
			<array>
				<string>C00000000000000000000002</string>
			</array>
			<key>isa</key>
			<string>PBXSourcesBuildPhase</string>
			<key>runOnlyForDeploymentPostprocessing</key>
			<string>0</string>
		</dict>
		<key>C00000000000000000000004</key>
		<dict>
			<key>explicitFileType</key>
			<string>wrapper.application</string>
			<key>isa</key>
			<string>PBXFileReference</string>
			<key>path</key>
			<string>Watch.app</string>
			<key>sourceTree</key>
			<string>BUILT_PRODUCTS_DIR</string>
		</dict>
		<key>C00000000000000000000005</key>
		<dict>
			<key>buildConfigurations</key>
			<array>
				<string>C00000000000000000000006</string>
				<string>C00000000000000000000007</string>
			</array>
			<key>defaultConfigurationName</key>
			<string>Release</string>
			<key>isa</key>
			<string>XCConfigurationList</string>
		</dict>
		<key>C00000000000000000000006</key>
		<dict>
			<key>buildSettings</key>
			<dict>
				<key>CODE_SIGNING_ALLOWED</key>
				<string>NO</string>
				<key>GENERATE_INFOPLIST_FILE</key>
				<string>YES</string>
				<key>INFOPLIST_KEY_WKApplication</key>
				<string>YES</string>
				<key>INFOPLIST_KEY_WKCompanionAppBundleIdentifier</key>
				<string>dev.prototype.compile</string>
				<key>PRODUCT_BUNDLE_IDENTIFIER</key>
				<string>dev.prototype.compile.watch</string>
				<key>PRODUCT_NAME</key>
				<string>Watch</string>
				<key>SDKROOT</key>
				<string>watchos</string>
				<key>SKIP_INSTALL</key>
				<string>YES</string>
				<key>SUPPORTED_PLATFORMS</key>
				<string>watchos watchsimulator</string>
				<key>SWIFT_VERSION</key>
				<string>6.0</string>
				<key>SYMROOT</key>
				<string>$(SRCROOT)/build</string>
				<key>TARGETED_DEVICE_FAMILY</key>
				<string>4</string>
				<key>WATCHOS_DEPLOYMENT_TARGET</key>
				<string>10.0</string>
			</dict>
			<key>isa</key>
			<string>XCBuildConfiguration</string>
			<key>name</key>
			<string>Debug</string>
		</dict>
		<key>C00000000000000000000007</key>
		<dict>
			<key>buildSettings</key>
			<dict>
				<key>CODE_SIGNING_ALLOWED</key>
				<string>NO</string>
				<key>GENERATE_INFOPLIST_FILE</key>
				<string>YES</string>
				<key>INFOPLIST_KEY_WKApplication</key>
				<string>YES</string>
				<key>INFOPLIST_KEY_WKCompanionAppBundleIdentifier</key>
				<string>dev.prototype.compile</string>
				<key>PRODUCT_BUNDLE_IDENTIFIER</key>
				<string>dev.prototype.compile.watch</string>
				<key>PRODUCT_NAME</key>
				<string>Watch</string>
				<key>SDKROOT</key>
				<string>watchos</string>
				<key>SKIP_INSTALL</key>
				<string>YES</string>
				<key>SUPPORTED_PLATFORMS</key>
				<string>watchos watchsimulator</string>
				<key>SWIFT_VERSION</key>
				<string>6.0</string>
				<key>SYMROOT</key>
				<string>$(SRCROOT)/build</string>
				<key>TARGETED_DEVICE_FAMILY</key>
				<string>4</string>
				<key>WATCHOS_DEPLOYMENT_TARGET</key>
				<string>10.0</string>
			</dict>
			<key>isa</key>
			<string>XCBuildConfiguration</string>
			<key>name</key>
			<string>Release</string>
		</dict>
		<key>C00000000000000000000008</key>
		<dict>
			<key>buildConfigurationList</key>
			<string>C00000000000000000000005</string>
			<key>buildPhases</key>
			<array>
				<string>C00000000000000000000003</string>
			</array>
			<key>buildRules</key>
			<array/>
			<key>dependencies</key>
			<array/>
			<key>isa</key>
			<string>PBXNativeTarget</string>
			<key>name</key>
			<string>Watch</string>
			<key>productName</key>
			<string>Watch</string>
			<key>productReference</key>
			<string>C00000000000000000000004</string>
			<key>productType</key>
			<string>com.apple.product-type.application</string>
		</dict>
	</dict>
	<key>rootObject</key>
	<string>A20000000000000000000014</string>
</dict>
</plist>
