// !$*UTF8*$!
{
	archiveVersion = 1;
	classes = {
	};
	objectVersion = 56;
	objects = {

		A20000000000000000000001 = {isa = PBXBuildFile; fileRef = A20000000000000000000002; };

		A20000000000000000000002 = {isa = PBXFileReference; lastKnownFileType = sourcecode.c.objc; path = main.m; sourceTree = "<group>"; };
		A20000000000000000000003 = {isa = PBXFileReference; explicitFileType = wrapper.application; includeInIndex = 0; path = CompilePrototype.app; sourceTree = BUILT_PRODUCTS_DIR; };

		A20000000000000000000005 = {
			isa = PBXGroup;
			children = (
				A20000000000000000000006,
				A20000000000000000000007,
			);
			sourceTree = "<group>";
		};
		A20000000000000000000006 = {
			isa = PBXGroup;
			children = (
				A20000000000000000000002,
			);
			path = CompilePrototype;
			sourceTree = "<group>";
		};
		A20000000000000000000007 = {
			isa = PBXGroup;
			children = (
				A20000000000000000000003,
			);
			name = Products;
			sourceTree = "<group>";
		};

		A20000000000000000000010 = {
			isa = PBXNativeTarget;
			buildConfigurationList = A20000000000000000000011;
			buildPhases = (
				A20000000000000000000012,
			);
			buildRules = (
			);
			dependencies = (
			);
			name = CompilePrototype;
			productName = CompilePrototype;
			productReference = A20000000000000000000003;
			productType = "com.apple.product-type.application";
		};

		A20000000000000000000014 = {
			isa = PBXProject;
			attributes = {
			};
			buildConfigurationList = A20000000000000000000015;
			compatibilityVersion = "Xcode 14.0";
			developmentRegion = en;
			hasScannedForEncodings = 0;
			knownRegions = (
				en,
				Base,
			);
			mainGroup = A20000000000000000000005;
			productRefGroup = A20000000000000000000007;
			projectDirPath = "";
			projectRoot = "";
			targets = (
				A20000000000000000000010,
			);
		};

		A20000000000000000000012 = {
			isa = PBXSourcesBuildPhase;
			buildActionMask = 2147483647;
			files = (
				A20000000000000000000001,
			);
			runOnlyForDeploymentPostprocessing = 0;
		};

		A20000000000000000000020 = {
			isa = XCBuildConfiguration;
			buildSettings = {
				CLANG_ENABLE_MODULES = YES;
				GCC_OPTIMIZATION_LEVEL = 0;
				SDKROOT = iphoneos;
			};
			name = Debug;
		};
		A20000000000000000000021 = {
			isa = XCBuildConfiguration;
			buildSettings = {
				CODE_SIGNING_ALLOWED = NO;
				GENERATE_INFOPLIST_FILE = YES;
				IPHONEOS_DEPLOYMENT_TARGET = 16.0;
				PRODUCT_BUNDLE_IDENTIFIER = dev.prototype.compile;
				PRODUCT_NAME = "$(TARGET_NAME)";
			};
			name = Debug;
		};
		A20000000000000000000022 = {
			isa = XCBuildConfiguration;
			buildSettings = {
				CLANG_ENABLE_MODULES = YES;
				SDKROOT = iphoneos;
			};
			name = Release;
		};
		A20000000000000000000023 = {
			isa = XCBuildConfiguration;
			buildSettings = {
				CODE_SIGNING_ALLOWED = NO;
				GENERATE_INFOPLIST_FILE = YES;
				IPHONEOS_DEPLOYMENT_TARGET = 16.0;
				PRODUCT_BUNDLE_IDENTIFIER = dev.prototype.compile;
				PRODUCT_NAME = "$(TARGET_NAME)";
			};
			name = Release;
		};

		A20000000000000000000011 = {
			isa = XCConfigurationList;
			buildConfigurations = (
				A20000000000000000000021,
				A20000000000000000000023,
			);
			defaultConfigurationIsVisible = 0;
			defaultConfigurationName = Debug;
		};
		A20000000000000000000015 = {
			isa = XCConfigurationList;
			buildConfigurations = (
				A20000000000000000000020,
				A20000000000000000000022,
			);
			defaultConfigurationIsVisible = 0;
			defaultConfigurationName = Debug;
		};

	};
	rootObject = A20000000000000000000014;
}
